
Microsoft Visual Studio Solution File, Format Version 11.00
# Visual Studio 2010
Project("{FAE04EC0-301F-11D3-BF4B-00C04F79EFBC}") = "Assembly-CSharp", "Assembly-CSharp.csproj", "{03B18EB4-68D5-7887-3555-00BB6704009B}"
EndProject
Project("{FAE04EC0-301F-11D3-BF4B-00C04F79EFBC}") = "Assembly-CSharp-Editor", "Assembly-CSharp-Editor.csproj", "{19F4AE4C-AE09-84BF-9435-6158EF67B176}"
EndProject
Global
	GlobalSection(SolutionConfigurationPlatforms) = preSolution
		Debug|Any CPU = Debug|Any CPU
		Release|Any CPU = Release|Any CPU
	EndGlobalSection
	GlobalSection(ProjectConfigurationPlatforms) = postSolution
		{03B18EB4-68D5-7887-3555-00BB6704009B}.Debug|Any CPU.ActiveCfg = Debug|Any CPU
		{03B18EB4-68D5-7887-3555-00BB6704009B}.Debug|Any CPU.Build.0 = Debug|Any CPU
		{03B18EB4-68D5-7887-3555-00BB6704009B}.Release|Any CPU.ActiveCfg = Release|Any CPU
		{03B18EB4-68D5-7887-3555-00BB6704009B}.Release|Any CPU.Build.0 = Release|Any CPU
		{19F4AE4C-AE09-84BF-9435-6158EF67B176}.Debug|Any CPU.ActiveCfg = Debug|Any CPU
		{19F4AE4C-AE09-84BF-9435-6158EF67B176}.Debug|Any CPU.Build.0 = Debug|Any CPU
		{19F4AE4C-AE09-84BF-9435-6158EF67B176}.Release|Any CPU.ActiveCfg = Release|Any CPU
		{19F4AE4C-AE09-84BF-9435-6158EF67B176}.Release|Any CPU.Build.0 = Release|Any CPU
	EndGlobalSection
	GlobalSection(SolutionProperties) = preSolution
		HideSolutionNode = FALSE
	EndGlobalSection
	GlobalSection(MonoDevelopProperties) = preSolution
		StartupItem = Assembly-CSharp.csproj
	EndGlobalSection
EndGlobal
